
Microsoft Visual Studio Solution File, Format Version 12.00
# Visual Studio Version 17
VisualStudioVersion = 17.0.31903.59
MinimumVisualStudioVersion = 10.0.40219.1
Project("{FAE04EC0-301F-11D3-BF4B-00C04F79EFBC}") = "DesignPatterns.ConsoleApp", "src\DesignPatterns.ConsoleApp\DesignPatterns.ConsoleApp.csproj", "{5C775524-F942-48FD-94E1-41BD09ABBE3D}"
EndProject
Project("{2150E333-8FDC-42A3-9474-1A3956D46DE8}") = "1.0 - Creational", "1.0 - Creational", "{C257BC0C-399F-47F3-842D-6321CE658E69}"
EndProject
Project("{2150E333-8FDC-42A3-9474-1A3956D46DE8}") = "Structural", "Structural", "{135538DF-6923-412A-AEE9-18826ADDFA45}"
EndProject
Project("{2150E333-8FDC-42A3-9474-1A3956D46DE8}") = "Behavorial", "Behavorial", "{D5CA252C-ED05-47C8-8FE4-7D2CE5242912}"
EndProject
Project("{FAE04EC0-301F-11D3-BF4B-00C04F79EFBC}") = "DesignPatterns.Creational.AbstractFactory", "src\DesignPatterns.Creational.AbstractFactory\DesignPatterns.Creational.AbstractFactory.csproj", "{95EEDCF4-F781-48B3-A0E1-7093B2C47251}"
EndProject
Project("{2150E333-8FDC-42A3-9474-1A3956D46DE8}") = "0 - Presentation", "0 - Presentation", "{6ED78662-730F-4814-900F-BA6B52D57A3F}"
EndProject
Global
	GlobalSection(SolutionConfigurationPlatforms) = preSolution
		Debug|Any CPU = Debug|Any CPU
		Release|Any CPU = Release|Any CPU
	EndGlobalSection
	GlobalSection(ProjectConfigurationPlatforms) = postSolution
		{5C775524-F942-48FD-94E1-41BD09ABBE3D}.Debug|Any CPU.ActiveCfg = Debug|Any CPU
		{5C775524-F942-48FD-94E1-41BD09ABBE3D}.Debug|Any CPU.Build.0 = Debug|Any CPU
		{5C775524-F942-48FD-94E1-41BD09ABBE3D}.Release|Any CPU.ActiveCfg = Release|Any CPU
		{5C775524-F942-48FD-94E1-41BD09ABBE3D}.Release|Any CPU.Build.0 = Release|Any CPU
		{95EEDCF4-F781-48B3-A0E1-7093B2C47251}.Debug|Any CPU.ActiveCfg = Debug|Any CPU
		{95EEDCF4-F781-48B3-A0E1-7093B2C47251}.Debug|Any CPU.Build.0 = Debug|Any CPU
		{95EEDCF4-F781-48B3-A0E1-7093B2C47251}.Release|Any CPU.ActiveCfg = Release|Any CPU
		{95EEDCF4-F781-48B3-A0E1-7093B2C47251}.Release|Any CPU.Build.0 = Release|Any CPU
	EndGlobalSection
	GlobalSection(SolutionProperties) = preSolution
		HideSolutionNode = FALSE
	EndGlobalSection
	GlobalSection(NestedProjects) = preSolution
		{5C775524-F942-48FD-94E1-41BD09ABBE3D} = {6ED78662-730F-4814-900F-BA6B52D57A3F}
		{95EEDCF4-F781-48B3-A0E1-7093B2C47251} = {C257BC0C-399F-47F3-842D-6321CE658E69}
	EndGlobalSection
	GlobalSection(ExtensibilityGlobals) = postSolution
		SolutionGuid = {9C12FFE1-99D3-4A16-8130-955477A07ED3}
	EndGlobalSection
EndGlobal
