
Microsoft Visual Studio Solution File, Format Version 12.00
# Visual Studio Version 17
VisualStudioVersion = 17.0.31903.59
MinimumVisualStudioVersion = 10.0.40219.1
Project("{9A19103F-16F7-4668-BE54-9A1E7A4F7556}") = "DesignPatterns.ConsoleApp", "src\DesignPatterns.ConsoleApp\DesignPatterns.ConsoleApp.csproj", "{5C775524-F942-48FD-94E1-41BD09ABBE3D}"
EndProject
Project("{2150E333-8FDC-42A3-9474-1A3956D46DE8}") = "1.0 - Creational", "1.0 - Creational", "{C257BC0C-399F-47F3-842D-6321CE658E69}"
EndProject
Project("{2150E333-8FDC-42A3-9474-1A3956D46DE8}") = "2.0 - Structural", "2.0 - Structural", "{135538DF-6923-412A-AEE9-18826ADDFA45}"
EndProject
Project("{2150E333-8FDC-42A3-9474-1A3956D46DE8}") = "3.0 - Behavorial", "3.0 - Behavorial", "{D5CA252C-ED05-47C8-8FE4-7D2CE5242912}"
EndProject
Project("{9A19103F-16F7-4668-BE54-9A1E7A4F7556}") = "DesignPatterns.Creational.AbstractFactory", "src\DesignPatterns.Creational.AbstractFactory\DesignPatterns.Creational.AbstractFactory.csproj", "{95EEDCF4-F781-48B3-A0E1-7093B2C47251}"
EndProject
Project("{2150E333-8FDC-42A3-9474-1A3956D46DE8}") = "0 - Presentation", "0 - Presentation", "{6ED78662-730F-4814-900F-BA6B52D57A3F}"
EndProject
Project("{2150E333-8FDC-42A3-9474-1A3956D46DE8}") = "Solution Items", "Solution Items", "{62802A4C-9334-4B56-A985-7C6115B68A3B}"
	ProjectSection(SolutionItems) = preProject
		.gitignore = .gitignore
	EndProjectSection
EndProject
Project("{9A19103F-16F7-4668-BE54-9A1E7A4F7556}") = "DesignPatterns.Creational.FactoryMethod", "src\DesignPatterns.Creational.FactoryMethod\DesignPatterns.Creational.FactoryMethod.csproj", "{5782396C-199E-4846-B61A-417EBC31B803}"
EndProject
Project("{9A19103F-16F7-4668-BE54-9A1E7A4F7556}") = "DesignPatterns.Creational.Singleton", "src\DesignPatterns.Creational.Singleton\DesignPatterns.Creational.Singleton.csproj", "{94B0B028-2E8E-4C70-B534-AB32371F02DD}"
EndProject
Project("{9A19103F-16F7-4668-BE54-9A1E7A4F7556}") = "DesignPatterns.Structural.Adapter", "src\DesignPatterns.Structural.Adapter\DesignPatterns.Structural.Adapter.csproj", "{1B50FEE5-7D9A-49F9-8086-E07722E76702}"
EndProject
Project("{9A19103F-16F7-4668-BE54-9A1E7A4F7556}") = "DesignPatterns.Structural.Facade", "src\DesignPatterns.Structural.Facade\DesignPatterns.Structural.Facade.csproj", "{B2592E77-B321-4AF3-AAF8-39CB39B0909E}"
EndProject
Project("{9A19103F-16F7-4668-BE54-9A1E7A4F7556}") = "DesignPatterns.Structural.Composite", "src\DesignPatterns.Structural.Composite\DesignPatterns.Structural.Composite.csproj", "{086C89C9-A7D5-4A98-AE8A-F309FD12F741}"
EndProject
Project("{9A19103F-16F7-4668-BE54-9A1E7A4F7556}") = "DesignPatterns.Behavorial.Command", "src\DesignPatterns.Behavorial.Command\DesignPatterns.Behavorial.Command.csproj", "{7ED56D5E-32BB-497A-96EC-80CAD16BF837}"
EndProject
Project("{9A19103F-16F7-4668-BE54-9A1E7A4F7556}") = "DesignPatterns.Behavorial.Strategy", "src\DesignPatterns.Behavorial.Strategy\DesignPatterns.Behavorial.Strategy.csproj", "{FE6B8412-2455-4837-94F6-202463324ADD}"
EndProject
Project("{FAE04EC0-301F-11D3-BF4B-00C04F79EFBC}") = "DesignPatterns.Behavorial.Observer", "src\DesignPatterns.Behavorial.Observer\DesignPatterns.Behavorial.Observer.csproj", "{F65950B5-C35D-4B33-899A-7B4D443291A2}"
EndProject
Global
	GlobalSection(SolutionConfigurationPlatforms) = preSolution
		Debug|Any CPU = Debug|Any CPU
		Release|Any CPU = Release|Any CPU
	EndGlobalSection
	GlobalSection(ProjectConfigurationPlatforms) = postSolution
		{5C775524-F942-48FD-94E1-41BD09ABBE3D}.Debug|Any CPU.ActiveCfg = Debug|Any CPU
		{5C775524-F942-48FD-94E1-41BD09ABBE3D}.Debug|Any CPU.Build.0 = Debug|Any CPU
		{5C775524-F942-48FD-94E1-41BD09ABBE3D}.Release|Any CPU.ActiveCfg = Release|Any CPU
		{5C775524-F942-48FD-94E1-41BD09ABBE3D}.Release|Any CPU.Build.0 = Release|Any CPU
		{95EEDCF4-F781-48B3-A0E1-7093B2C47251}.Debug|Any CPU.ActiveCfg = Debug|Any CPU
		{95EEDCF4-F781-48B3-A0E1-7093B2C47251}.Debug|Any CPU.Build.0 = Debug|Any CPU
		{95EEDCF4-F781-48B3-A0E1-7093B2C47251}.Release|Any CPU.ActiveCfg = Release|Any CPU
		{95EEDCF4-F781-48B3-A0E1-7093B2C47251}.Release|Any CPU.Build.0 = Release|Any CPU
		{5782396C-199E-4846-B61A-417EBC31B803}.Debug|Any CPU.ActiveCfg = Debug|Any CPU
		{5782396C-199E-4846-B61A-417EBC31B803}.Debug|Any CPU.Build.0 = Debug|Any CPU
		{5782396C-199E-4846-B61A-417EBC31B803}.Release|Any CPU.ActiveCfg = Release|Any CPU
		{5782396C-199E-4846-B61A-417EBC31B803}.Release|Any CPU.Build.0 = Release|Any CPU
		{94B0B028-2E8E-4C70-B534-AB32371F02DD}.Debug|Any CPU.ActiveCfg = Debug|Any CPU
		{94B0B028-2E8E-4C70-B534-AB32371F02DD}.Debug|Any CPU.Build.0 = Debug|Any CPU
		{94B0B028-2E8E-4C70-B534-AB32371F02DD}.Release|Any CPU.ActiveCfg = Release|Any CPU
		{94B0B028-2E8E-4C70-B534-AB32371F02DD}.Release|Any CPU.Build.0 = Release|Any CPU
		{1B50FEE5-7D9A-49F9-8086-E07722E76702}.Debug|Any CPU.ActiveCfg = Debug|Any CPU
		{1B50FEE5-7D9A-49F9-8086-E07722E76702}.Debug|Any CPU.Build.0 = Debug|Any CPU
		{1B50FEE5-7D9A-49F9-8086-E07722E76702}.Release|Any CPU.ActiveCfg = Release|Any CPU
		{1B50FEE5-7D9A-49F9-8086-E07722E76702}.Release|Any CPU.Build.0 = Release|Any CPU
		{B2592E77-B321-4AF3-AAF8-39CB39B0909E}.Debug|Any CPU.ActiveCfg = Debug|Any CPU
		{B2592E77-B321-4AF3-AAF8-39CB39B0909E}.Debug|Any CPU.Build.0 = Debug|Any CPU
		{B2592E77-B321-4AF3-AAF8-39CB39B0909E}.Release|Any CPU.ActiveCfg = Release|Any CPU
		{B2592E77-B321-4AF3-AAF8-39CB39B0909E}.Release|Any CPU.Build.0 = Release|Any CPU
		{086C89C9-A7D5-4A98-AE8A-F309FD12F741}.Debug|Any CPU.ActiveCfg = Debug|Any CPU
		{086C89C9-A7D5-4A98-AE8A-F309FD12F741}.Debug|Any CPU.Build.0 = Debug|Any CPU
		{086C89C9-A7D5-4A98-AE8A-F309FD12F741}.Release|Any CPU.ActiveCfg = Release|Any CPU
		{086C89C9-A7D5-4A98-AE8A-F309FD12F741}.Release|Any CPU.Build.0 = Release|Any CPU
		{7ED56D5E-32BB-497A-96EC-80CAD16BF837}.Debug|Any CPU.ActiveCfg = Debug|Any CPU
		{7ED56D5E-32BB-497A-96EC-80CAD16BF837}.Debug|Any CPU.Build.0 = Debug|Any CPU
		{7ED56D5E-32BB-497A-96EC-80CAD16BF837}.Release|Any CPU.ActiveCfg = Release|Any CPU
		{7ED56D5E-32BB-497A-96EC-80CAD16BF837}.Release|Any CPU.Build.0 = Release|Any CPU
		{FE6B8412-2455-4837-94F6-202463324ADD}.Debug|Any CPU.ActiveCfg = Debug|Any CPU
		{FE6B8412-2455-4837-94F6-202463324ADD}.Debug|Any CPU.Build.0 = Debug|Any CPU
		{FE6B8412-2455-4837-94F6-202463324ADD}.Release|Any CPU.ActiveCfg = Release|Any CPU
		{FE6B8412-2455-4837-94F6-202463324ADD}.Release|Any CPU.Build.0 = Release|Any CPU
		{F65950B5-C35D-4B33-899A-7B4D443291A2}.Debug|Any CPU.ActiveCfg = Debug|Any CPU
		{F65950B5-C35D-4B33-899A-7B4D443291A2}.Debug|Any CPU.Build.0 = Debug|Any CPU
		{F65950B5-C35D-4B33-899A-7B4D443291A2}.Release|Any CPU.ActiveCfg = Release|Any CPU
		{F65950B5-C35D-4B33-899A-7B4D443291A2}.Release|Any CPU.Build.0 = Release|Any CPU
	EndGlobalSection
	GlobalSection(SolutionProperties) = preSolution
		HideSolutionNode = FALSE
	EndGlobalSection
	GlobalSection(NestedProjects) = preSolution
		{5C775524-F942-48FD-94E1-41BD09ABBE3D} = {6ED78662-730F-4814-900F-BA6B52D57A3F}
		{95EEDCF4-F781-48B3-A0E1-7093B2C47251} = {C257BC0C-399F-47F3-842D-6321CE658E69}
		{5782396C-199E-4846-B61A-417EBC31B803} = {C257BC0C-399F-47F3-842D-6321CE658E69}
		{94B0B028-2E8E-4C70-B534-AB32371F02DD} = {C257BC0C-399F-47F3-842D-6321CE658E69}
		{1B50FEE5-7D9A-49F9-8086-E07722E76702} = {135538DF-6923-412A-AEE9-18826ADDFA45}
		{B2592E77-B321-4AF3-AAF8-39CB39B0909E} = {135538DF-6923-412A-AEE9-18826ADDFA45}
		{086C89C9-A7D5-4A98-AE8A-F309FD12F741} = {135538DF-6923-412A-AEE9-18826ADDFA45}
		{7ED56D5E-32BB-497A-96EC-80CAD16BF837} = {D5CA252C-ED05-47C8-8FE4-7D2CE5242912}
		{FE6B8412-2455-4837-94F6-202463324ADD} = {D5CA252C-ED05-47C8-8FE4-7D2CE5242912}
		{F65950B5-C35D-4B33-899A-7B4D443291A2} = {D5CA252C-ED05-47C8-8FE4-7D2CE5242912}
	EndGlobalSection
	GlobalSection(ExtensibilityGlobals) = postSolution
		SolutionGuid = {9C12FFE1-99D3-4A16-8130-955477A07ED3}
	EndGlobalSection
EndGlobal
